// !$*UTF8*$!
{
	archiveVersion = 1;
	classes = {
	};
	objectVersion = 46;
	objects = {

/* Begin PBXBuildFile section */
		8BED89C61EA7D3DE00D5695A /* AppDelegate.swift in Sources */ = {isa = PBXBuildFile; fileRef = 8BED89C51EA7D3DE00D5695A /* AppDelegate.swift */; };
		8BED89C81EA7D3DE00D5695A /* ViewController.swift in Sources */ = {isa = PBXBuildFile; fileRef = 8BED89C71EA7D3DE00D5695A /* ViewController.swift */; };
		8BED89CB1EA7D3DE00D5695A /* Main.storyboard in Resources */ = {isa = PBXBuildFile; fileRef = 8BED89C91EA7D3DE00D5695A /* Main.storyboard */; };
		8BED89CD1EA7D3DE00D5695A /* Assets.xcassets in Resources */ = {isa = PBXBuildFile; fileRef = 8BED89CC1EA7D3DE00D5695A /* Assets.xcassets */; };
		8BED89D01EA7D3DE00D5695A /* LaunchScreen.storyboard in Resources */ = {isa = PBXBuildFile; fileRef = 8BED89CE1EA7D3DE00D5695A /* LaunchScreen.storyboard */; };
/* End PBXBuildFile section */

/* Begin PBXFileReference section */
		8BED89C21EA7D3DE00D5695A /* App_iTunes.app */ = {isa = PBXFileReference; explicitFileType = wrapper.application; includeInIndex = 0; path = App_iTunes.app; sourceTree = BUILT_PRODUCTS_DIR; };
		8BED89C51EA7D3DE00D5695A /* AppDelegate.swift */ = {isa = PBXFileReference; lastKnownFileType = sourcecode.swift; path = AppDelegate.swift; sourceTree = "<group>"; };
		8BED89C71EA7D3DE00D5695A /* ViewController.swift */ = {isa = PBXFileReference; lastKnownFileType = sourcecode.swift; path = ViewController.swift; sourceTree = "<group>"; };
		8BED89CA1EA7D3DE00D5695A /* Base */ = {isa = PBXFileReference; lastKnownFileType = file.storyboard; name = Base; path = Base.lproj/Main.storyboard; sourceTree = "<group>"; };
		8BED89CC1EA7D3DE00D5695A /* Assets.xcassets */ = {isa = PBXFileReference; lastKnownFileType = folder.assetcatalog; path = Assets.xcassets; sourceTree = "<group>"; };
		8BED89CF1EA7D3DE00D5695A /* Base */ = {isa = PBXFileReference; lastKnownFileType = file.storyboard; name = Base; path = Base.lproj/LaunchScreen.storyboard; sourceTree = "<group>"; };
		8BED89D11EA7D3DE00D5695A /* Info.plist */ = {isa = PBXFileReference; lastKnownFileType = text.plist.xml; path = Info.plist; sourceTree = "<group>"; };
/* End PBXFileReference section */

/* Begin PBXFrameworksBuildPhase section */
		8BED89BF1EA7D3DE00D5695A /* Frameworks */ = {
			isa = PBXFrameworksBuildPhase;
			buildActionMask = 2147483647;
			files = (
			);
			runOnlyForDeploymentPostprocessing = 0;
		};
/* End PBXFrameworksBuildPhase section */

/* Begin PBXGroup section */
		8BED89B91EA7D3DE00D5695A = {
			isa = PBXGroup;
			children = (
				8BED89C41EA7D3DE00D5695A /* App_iTunes */,
				8BED89C31EA7D3DE00D5695A /* Products */,
			);
			sourceTree = "<group>";
		};
		8BED89C31EA7D3DE00D5695A /* Products */ = {
			isa = PBXGroup;
			children = (
				8BED89C21EA7D3DE00D5695A /* App_iTunes.app */,
			);
			name = Products;
			sourceTree = "<group>";
		};
		8BED89C41EA7D3DE00D5695A /* App_iTunes */ = {
			isa = PBXGroup;
			children = (
				8BED89C51EA7D3DE00D5695A /* AppDelegate.swift */,
				8BED89C71EA7D3DE00D5695A /* ViewController.swift */,
				8BED89C91EA7D3DE00D5695A /* Main.storyboard */,
				8BED89CC1EA7D3DE00D5695A /* Assets.xcassets */,
				8BED89CE1EA7D3DE00D5695A /* LaunchScreen.storyboard */,
				8BED89D11EA7D3DE00D5695A /* Info.plist */,
			);
			path = App_iTunes;
			sourceTree = "<group>";
		};
/* End PBXGroup section */

/* Begin PBXNativeTarget section */
		8BED89C11EA7D3DE00D5695A /* App_iTunes */ = {
			isa = PBXNativeTarget;
			buildConfigurationList = 8BED89D41EA7D3DE00D5695A /* Build configuration list for PBXNativeTarget "App_iTunes" */;
			buildPhases = (
				8BED89BE1EA7D3DE00D5695A /* Sources */,
				8BED89BF1EA7D3DE00D5695A /* Frameworks */,
				8BED89C01EA7D3DE00D5695A /* Resources */,
			);
			buildRules = (
			);
			dependencies = (
			);
			name = App_iTunes;
			productName = App_iTunes;
			productReference = 8BED89C21EA7D3DE00D5695A /* App_iTunes.app */;
			productType = "com.apple.product-type.application";
		};
/* End PBXNativeTarget section */

/* Begin PBXProject section */
		8BED89BA1EA7D3DE00D5695A /* Project object */ = {
			isa = PBXProject;
			attributes = {
				LastSwiftUpdateCheck = 0820;
				LastUpgradeCheck = 0820;
				ORGANIZATIONNAME = formador;
				TargetAttributes = {
					8BED89C11EA7D3DE00D5695A = {
						CreatedOnToolsVersion = 8.2.1;
						ProvisioningStyle = Automatic;
					};
				};
			};
			buildConfigurationList = 8BED89BD1EA7D3DE00D5695A /* Build configuration list for PBXProject "App_iTunes" */;
			compatibilityVersion = "Xcode 3.2";
			developmentRegion = English;
			hasScannedForEncodings = 0;
			knownRegions = (
				en,
				Base,
			);
			mainGroup = 8BED89B91EA7D3DE00D5695A;
			productRefGroup = 8BED89C31EA7D3DE00D5695A /* Products */;
			projectDirPath = "";
			projectRoot = "";
			targets = (
				8BED89C11EA7D3DE00D5695A /* App_iTunes */,
			);
		};
/* End PBXProject section */

/* Begin PBXResourcesBuildPhase section */
		8BED89C01EA7D3DE00D5695A /* Resources */ = {
			isa = PBXResourcesBuildPhase;
			buildActionMask = 2147483647;
			files = (
				8BED89D01EA7D3DE00D5695A /* LaunchScreen.storyboard in Resources */,
				8BED89CD1EA7D3DE00D5695A /* Assets.xcassets in Resources */,
				8BED89CB1EA7D3DE00D5695A /* Main.storyboard in Resources */,
			);
			runOnlyForDeploymentPostprocessing = 0;
		};
/* End PBXResourcesBuildPhase section */

/* Begin PBXSourcesBuildPhase section */
		8BED89BE1EA7D3DE00D5695A /* Sources */ = {
			isa = PBXSourcesBuildPhase;
			buildActionMask = 2147483647;
			files = (
				8BED89C81EA7D3DE00D5695A /* ViewController.swift in Sources */,
				8BED89C61EA7D3DE00D5695A /* AppDelegate.swift in Sources */,
			);
			runOnlyForDeploymentPostprocessing = 0;
		};
/* End PBXSourcesBuildPhase section */

/* Begin PBXVariantGroup section */
		8BED89C91EA7D3DE00D5695A /* Main.storyboard */ = {
			isa = PBXVariantGroup;
			children = (
				8BED89CA1EA7D3DE00D5695A /* Base */,
			);
			name = Main.storyboard;
			sourceTree = "<group>";
		};
		8BED89CE1EA7D3DE00D5695A /* LaunchScreen.storyboard */ = {
			isa = PBXVariantGroup;
			children = (
				8BED89CF1EA7D3DE00D5695A /* Base */,
			);
			name = LaunchScreen.storyboard;
			sourceTree = "<group>";
		};
/* End PBXVariantGroup section */

/* Begin XCBuildConfiguration section */
		8BED89D21EA7D3DE00D5695A /* Debug */ = {
			isa = XCBuildConfiguration;
			buildSettings = {
				ALWAYS_SEARCH_USER_PATHS = NO;
				CLANG_ANALYZER_NONNULL = YES;
				CLANG_CXX_LANGUAGE_STANDARD = "gnu++0x";
				CLANG_CXX_LIBRARY = "libc++";
				CLANG_ENABLE_MODULES = YES;
				CLANG_ENABLE_OBJC_ARC = YES;
				CLANG_WARN_BOOL_CONVERSION = YES;
				CLANG_WARN_CONSTANT_CONVERSION = YES;
				CLANG_WARN_DIRECT_OBJC_ISA_USAGE = YES_ERROR;
				CLANG_WARN_DOCUMENTATION_COMMENTS = YES;
				CLANG_WARN_EMPTY_BODY = YES;
				CLANG_WARN_ENUM_CONVERSION = YES;
				CLANG_WARN_INFINITE_RECURSION = YES;
				CLANG_WARN_INT_CONVERSION = YES;
				CLANG_WARN_OBJC_ROOT_CLASS = YES_ERROR;
				CLANG_WARN_SUSPICIOUS_MOVE = YES;
				CLANG_WARN_UNREACHABLE_CODE = YES;
				CLANG_WARN__DUPLICATE_METHOD_MATCH = YES;
				"CODE_SIGN_IDENTITY[sdk=iphoneos*]" = "iPhone Developer";
				COPY_PHASE_STRIP = NO;
				DEBUG_INFORMATION_FORMAT = dwarf;
				ENABLE_STRICT_OBJC_MSGSEND = YES;
				ENABLE_TESTABILITY = YES;
				GCC_C_LANGUAGE_STANDARD = gnu99;
				GCC_DYNAMIC_NO_PIC = NO;
				GCC_NO_COMMON_BLOCKS = YES;
				GCC_OPTIMIZATION_LEVEL = 0;
				GCC_PREPROCESSOR_DEFINITIONS = (
					"DEBUG=1",
					"$(inherited)",
				);
				GCC_WARN_64_TO_32_BIT_CONVERSION = YES;
				GCC_WARN_ABOUT_RETURN_TYPE = YES_ERROR;
				GCC_WARN_UNDECLARED_SELECTOR = YES;
				GCC_WARN_UNINITIALIZED_AUTOS = YES_AGGRESSIVE;
				GCC_WARN_UNUSED_FUNCTION = YES;
				GCC_WARN_UNUSED_VARIABLE = YES;
				IPHONEOS_DEPLOYMENT_TARGET = 10.2;
				MTL_ENABLE_DEBUG_INFO = YES;
				ONLY_ACTIVE_ARCH = YES;
				SDKROOT = iphoneos;
				SWIFT_ACTIVE_COMPILATION_CONDITIONS = DEBUG;
				SWIFT_OPTIMIZATION_LEVEL = "-Onone";
			};
			name = Debug;
		};
		8BED89D31EA7D3DE00D5695A /* Release */ = {
			isa = XCBuildConfiguration;
			buildSettings = {
				ALWAYS_SEARCH_USER_PATHS = NO;
				CLANG_ANALYZER_NONNULL = YES;
				CLANG_CXX_LANGUAGE_STANDARD = "gnu++0x";
				CLANG_CXX_LIBRARY = "libc++";
				CLANG_ENABLE_MODULES = YES;
				CLANG_ENABLE_OBJC_ARC = YES;
				CLANG_WARN_BOOL_CONVERSION = YES;
				CLANG_WARN_CONSTANT_CONVERSION = YES;
				CLANG_WARN_DIRECT_OBJC_ISA_USAGE = YES_ERROR;
				CLANG_WARN_DOCUMENTATION_COMMENTS = YES;
				CLANG_WARN_EMPTY_BODY = YES;
				CLANG_WARN_ENUM_CONVERSION = YES;
				CLANG_WARN_INFINITE_RECURSION = YES;
				CLANG_WARN_INT_CONVERSION = YES;
				CLANG_WARN_OBJC_ROOT_CLASS = YES_ERROR;
				CLANG_WARN_SUSPICIOUS_MOVE = YES;
				CLANG_WARN_UNREACHABLE_CODE = YES;
				CLANG_WARN__DUPLICATE_METHOD_MATCH = YES;
				"CODE_SIGN_IDENTITY[sdk=iphoneos*]" = "iPhone Developer";
				COPY_PHASE_STRIP = NO;
				DEBUG_INFORMATION_FORMAT = "dwarf-with-dsym";
				ENABLE_NS_ASSERTIONS = NO;
				ENABLE_STRICT_OBJC_MSGSEND = YES;
				GCC_C_LANGUAGE_STANDARD = gnu99;
				GCC_NO_COMMON_BLOCKS = YES;
				GCC_WARN_64_TO_32_BIT_CONVERSION = YES;
				GCC_WARN_ABOUT_RETURN_TYPE = YES_ERROR;
				GCC_WARN_UNDECLARED_SELECTOR = YES;
				GCC_WARN_UNINITIALIZED_AUTOS = YES_AGGRESSIVE;
				GCC_WARN_UNUSED_FUNCTION = YES;
				GCC_WARN_UNUSED_VARIABLE = YES;
				IPHONEOS_DEPLOYMENT_TARGET = 10.2;
				MTL_ENABLE_DEBUG_INFO = NO;
				SDKROOT = iphoneos;
				SWIFT_OPTIMIZATION_LEVEL = "-Owholemodule";
				VALIDATE_PRODUCT = YES;
			};
			name = Release;
		};
		8BED89D51EA7D3DE00D5695A /* Debug */ = {
			isa = XCBuildConfiguration;
			buildSettings = {
				ASSETCATALOG_COMPILER_APPICON_NAME = AppIcon;
				INFOPLIST_FILE = App_iTunes/Info.plist;
				LD_RUNPATH_SEARCH_PATHS = "$(inherited) @executable_path/Frameworks";
				PRODUCT_BUNDLE_IDENTIFIER = "com.es.CICE.App-iTunes";
				PRODUCT_NAME = "$(TARGET_NAME)";
				SWIFT_VERSION = 3.0;
			};
			name = Debug;
		};
		8BED89D61EA7D3DE00D5695A /* Release */ = {
			isa = XCBuildConfiguration;
			buildSettings = {
				ASSETCATALOG_COMPILER_APPICON_NAME = AppIcon;
				INFOPLIST_FILE = App_iTunes/Info.plist;
				LD_RUNPATH_SEARCH_PATHS = "$(inherited) @executable_path/Frameworks";
				PRODUCT_BUNDLE_IDENTIFIER = "com.es.CICE.App-iTunes";
				PRODUCT_NAME = "$(TARGET_NAME)";
				SWIFT_VERSION = 3.0;
			};
			name = Release;
		};
/* End XCBuildConfiguration section */

/* Begin XCConfigurationList section */
		8BED89BD1EA7D3DE00D5695A /* Build configuration list for PBXProject "App_iTunes" */ = {
			isa = XCConfigurationList;
			buildConfigurations = (
				8BED89D21EA7D3DE00D5695A /* Debug */,
				8BED89D31EA7D3DE00D5695A /* Release */,
			);
			defaultConfigurationIsVisible = 0;
			defaultConfigurationName = Release;
		};
		8BED89D41EA7D3DE00D5695A /* Build configuration list for PBXNativeTarget "App_iTunes" */ = {
			isa = XCConfigurationList;
			buildConfigurations = (
				8BED89D51EA7D3DE00D5695A /* Debug */,
				8BED89D61EA7D3DE00D5695A /* Release */,
			);
			defaultConfigurationIsVisible = 0;
		};
/* End XCConfigurationList section */
	};
	rootObject = 8BED89BA1EA7D3DE00D5695A /* Project object */;
}
